
Microsoft Visual Studio Solution File, Format Version 12.00
# Visual Studio Version 17
VisualStudioVersion = 17.6.33723.286
MinimumVisualStudioVersion = 10.0.40219.1
Project("{2150E333-8FDC-42A3-9474-1A3956D46DE8}") = "Test", "Test", "{9AF602A1-243F-4934-9154-7CEFB9E48023}"
EndProject
Project("{2150E333-8FDC-42A3-9474-1A3956D46DE8}") = "src", "src", "{4B5BA858-3B2F-47E3-B7FC-03AFC2F84D6E}"
EndProject
Project("{FAE04EC0-301F-11D3-BF4B-00C04F79EFBC}") = "InsuranceCompany.WebApi", "InsuranceCompany.WebApi\InsuranceCompany.WebApi.csproj", "{9F4EF2C2-B425-4889-93C8-D508821B2748}"
EndProject
Project("{FAE04EC0-301F-11D3-BF4B-00C04F79EFBC}") = "InsuranceCompnay.Application", "InsuranceCompnay.Application\InsuranceCompnay.Application.csproj", "{F12F91D8-080A-4982-B8EA-EF70EAA21DA0}"
EndProject
Project("{FAE04EC0-301F-11D3-BF4B-00C04F79EFBC}") = "InsuranceCompnay.Entities", "InsuranceCompnay.Entities\InsuranceCompnay.Entities.csproj", "{A59587DA-968A-4DDC-86B5-106839180AB5}"
EndProject
Project("{FAE04EC0-301F-11D3-BF4B-00C04F79EFBC}") = "InsuranceCompnay.Repository", "InsuranceCompnay.Repository\InsuranceCompnay.Repository.csproj", "{990E1905-1DEB-4E61-8E3A-8E0EC497685B}"
EndProject
Project("{FAE04EC0-301F-11D3-BF4B-00C04F79EFBC}") = "InsuranceCompnay.Services", "InsuranceCompnay.Services\InsuranceCompnay.Services.csproj", "{CA60303B-D1A2-4D28-AEB5-62E1706EF5B3}"
EndProject
Project("{FAE04EC0-301F-11D3-BF4B-00C04F79EFBC}") = "InsuranceCompnay.DataAccess", "DataAccess\InsuranceCompnay.DataAccess.csproj", "{D685F4B2-08F1-4E70-82AE-8DB56615CCE7}"
EndProject
Project("{FAE04EC0-301F-11D3-BF4B-00C04F79EFBC}") = "InsuranceCompnay.Abstractions", "InsuranceCompnay.Abstraction\InsuranceCompnay.Abstractions.csproj", "{CBF4695C-895B-4DD5-ADCC-FB0DA36A1E94}"
EndProject
Global
	GlobalSection(SolutionConfigurationPlatforms) = preSolution
		Debug|Any CPU = Debug|Any CPU
		Release|Any CPU = Release|Any CPU
	EndGlobalSection
	GlobalSection(ProjectConfigurationPlatforms) = postSolution
		{9F4EF2C2-B425-4889-93C8-D508821B2748}.Debug|Any CPU.ActiveCfg = Debug|Any CPU
		{9F4EF2C2-B425-4889-93C8-D508821B2748}.Debug|Any CPU.Build.0 = Debug|Any CPU
		{9F4EF2C2-B425-4889-93C8-D508821B2748}.Release|Any CPU.ActiveCfg = Release|Any CPU
		{9F4EF2C2-B425-4889-93C8-D508821B2748}.Release|Any CPU.Build.0 = Release|Any CPU
		{F12F91D8-080A-4982-B8EA-EF70EAA21DA0}.Debug|Any CPU.ActiveCfg = Debug|Any CPU
		{F12F91D8-080A-4982-B8EA-EF70EAA21DA0}.Debug|Any CPU.Build.0 = Debug|Any CPU
		{F12F91D8-080A-4982-B8EA-EF70EAA21DA0}.Release|Any CPU.ActiveCfg = Release|Any CPU
		{F12F91D8-080A-4982-B8EA-EF70EAA21DA0}.Release|Any CPU.Build.0 = Release|Any CPU
		{A59587DA-968A-4DDC-86B5-106839180AB5}.Debug|Any CPU.ActiveCfg = Debug|Any CPU
		{A59587DA-968A-4DDC-86B5-106839180AB5}.Debug|Any CPU.Build.0 = Debug|Any CPU
		{A59587DA-968A-4DDC-86B5-106839180AB5}.Release|Any CPU.ActiveCfg = Release|Any CPU
		{A59587DA-968A-4DDC-86B5-106839180AB5}.Release|Any CPU.Build.0 = Release|Any CPU
		{990E1905-1DEB-4E61-8E3A-8E0EC497685B}.Debug|Any CPU.ActiveCfg = Debug|Any CPU
		{990E1905-1DEB-4E61-8E3A-8E0EC497685B}.Debug|Any CPU.Build.0 = Debug|Any CPU
		{990E1905-1DEB-4E61-8E3A-8E0EC497685B}.Release|Any CPU.ActiveCfg = Release|Any CPU
		{990E1905-1DEB-4E61-8E3A-8E0EC497685B}.Release|Any CPU.Build.0 = Release|Any CPU
		{CA60303B-D1A2-4D28-AEB5-62E1706EF5B3}.Debug|Any CPU.ActiveCfg = Debug|Any CPU
		{CA60303B-D1A2-4D28-AEB5-62E1706EF5B3}.Debug|Any CPU.Build.0 = Debug|Any CPU
		{CA60303B-D1A2-4D28-AEB5-62E1706EF5B3}.Release|Any CPU.ActiveCfg = Release|Any CPU
		{CA60303B-D1A2-4D28-AEB5-62E1706EF5B3}.Release|Any CPU.Build.0 = Release|Any CPU
		{D685F4B2-08F1-4E70-82AE-8DB56615CCE7}.Debug|Any CPU.ActiveCfg = Debug|Any CPU
		{D685F4B2-08F1-4E70-82AE-8DB56615CCE7}.Debug|Any CPU.Build.0 = Debug|Any CPU
		{D685F4B2-08F1-4E70-82AE-8DB56615CCE7}.Release|Any CPU.ActiveCfg = Release|Any CPU
		{D685F4B2-08F1-4E70-82AE-8DB56615CCE7}.Release|Any CPU.Build.0 = Release|Any CPU
		{CBF4695C-895B-4DD5-ADCC-FB0DA36A1E94}.Debug|Any CPU.ActiveCfg = Debug|Any CPU
		{CBF4695C-895B-4DD5-ADCC-FB0DA36A1E94}.Debug|Any CPU.Build.0 = Debug|Any CPU
		{CBF4695C-895B-4DD5-ADCC-FB0DA36A1E94}.Release|Any CPU.ActiveCfg = Release|Any CPU
		{CBF4695C-895B-4DD5-ADCC-FB0DA36A1E94}.Release|Any CPU.Build.0 = Release|Any CPU
	EndGlobalSection
	GlobalSection(SolutionProperties) = preSolution
		HideSolutionNode = FALSE
	EndGlobalSection
	GlobalSection(NestedProjects) = preSolution
		{9F4EF2C2-B425-4889-93C8-D508821B2748} = {4B5BA858-3B2F-47E3-B7FC-03AFC2F84D6E}
		{F12F91D8-080A-4982-B8EA-EF70EAA21DA0} = {4B5BA858-3B2F-47E3-B7FC-03AFC2F84D6E}
		{A59587DA-968A-4DDC-86B5-106839180AB5} = {4B5BA858-3B2F-47E3-B7FC-03AFC2F84D6E}
		{990E1905-1DEB-4E61-8E3A-8E0EC497685B} = {4B5BA858-3B2F-47E3-B7FC-03AFC2F84D6E}
		{CA60303B-D1A2-4D28-AEB5-62E1706EF5B3} = {4B5BA858-3B2F-47E3-B7FC-03AFC2F84D6E}
		{D685F4B2-08F1-4E70-82AE-8DB56615CCE7} = {4B5BA858-3B2F-47E3-B7FC-03AFC2F84D6E}
		{CBF4695C-895B-4DD5-ADCC-FB0DA36A1E94} = {4B5BA858-3B2F-47E3-B7FC-03AFC2F84D6E}
	EndGlobalSection
	GlobalSection(ExtensibilityGlobals) = postSolution
		SolutionGuid = {EDD84C37-C9DE-4106-A64A-25B59C2783B6}
	EndGlobalSection
EndGlobal
